
Microsoft Visual Studio Solution File, Format Version 12.00
# Visual Studio Version 17
VisualStudioVersion = 17.14.36915.13 d17.14
MinimumVisualStudioVersion = 10.0.40219.1
Project("{FAE04EC0-301F-11D3-BF4B-00C04F79EFBC}") = "SpotifySongless", "SpotifySongless.csproj", "{CCB3A574-0F2F-40D4-BF8C-95C93591CA95}"
EndProject
Global
	GlobalSection(SolutionConfigurationPlatforms) = preSolution
		Debug|Any CPU = Debug|Any CPU
		Release|Any CPU = Release|Any CPU
	EndGlobalSection
	GlobalSection(ProjectConfigurationPlatforms) = postSolution
		{CCB3A574-0F2F-40D4-BF8C-95C93591CA95}.Debug|Any CPU.ActiveCfg = Debug|Any CPU
		{CCB3A574-0F2F-40D4-BF8C-95C93591CA95}.Debug|Any CPU.Build.0 = Debug|Any CPU
		{CCB3A574-0F2F-40D4-BF8C-95C93591CA95}.Release|Any CPU.ActiveCfg = Release|Any CPU
		{CCB3A574-0F2F-40D4-BF8C-95C93591CA95}.Release|Any CPU.Build.0 = Release|Any CPU
	EndGlobalSection
	GlobalSection(SolutionProperties) = preSolution
		HideSolutionNode = FALSE
	EndGlobalSection
	GlobalSection(ExtensibilityGlobals) = postSolution
		SolutionGuid = {78775934-4A93-4631-B863-AF5CFC31B974}
	EndGlobalSection
EndGlobal
